// !$*UTF8*$!
{
	archiveVersion = 1;
	classes = {
	};
	objectVersion = 48;
	objects = {

/* Begin PBXBuildFile section */
		7923AA45202727ED0041260A /* AppDelegate.swift in Sources */ = {isa = PBXBuildFile; fileRef = 7923AA44202727ED0041260A /* AppDelegate.swift */; };
		7923AA47202727ED0041260A /* ViewController.swift in Sources */ = {isa = PBXBuildFile; fileRef = 7923AA46202727ED0041260A /* ViewController.swift */; };
		7923AA4A202727ED0041260A /* Main.storyboard in Resources */ = {isa = PBXBuildFile; fileRef = 7923AA48202727ED0041260A /* Main.storyboard */; };
		7923AA4C202727ED0041260A /* Assets.xcassets in Resources */ = {isa = PBXBuildFile; fileRef = 7923AA4B202727ED0041260A /* Assets.xcassets */; };
		7923AA4F202727ED0041260A /* LaunchScreen.storyboard in Resources */ = {isa = PBXBuildFile; fileRef = 7923AA4D202727ED0041260A /* LaunchScreen.storyboard */; };
		7923AA59202730E90041260A /* XylophoneViewController.swift in Sources */ = {isa = PBXBuildFile; fileRef = 7923AA58202730E90041260A /* XylophoneViewController.swift */; };
		7923AA63202731FF0041260A /* note4.wav in Resources */ = {isa = PBXBuildFile; fileRef = 7923AA5C202731FF0041260A /* note4.wav */; };
		7923AA64202731FF0041260A /* note7.wav in Resources */ = {isa = PBXBuildFile; fileRef = 7923AA5D202731FF0041260A /* note7.wav */; };
		7923AA65202731FF0041260A /* note1.wav in Resources */ = {isa = PBXBuildFile; fileRef = 7923AA5E202731FF0041260A /* note1.wav */; };
		7923AA66202731FF0041260A /* note5.wav in Resources */ = {isa = PBXBuildFile; fileRef = 7923AA5F202731FF0041260A /* note5.wav */; };
		7923AA67202731FF0041260A /* note2.wav in Resources */ = {isa = PBXBuildFile; fileRef = 7923AA60202731FF0041260A /* note2.wav */; };
		7923AA68202731FF0041260A /* note3.wav in Resources */ = {isa = PBXBuildFile; fileRef = 7923AA61202731FF0041260A /* note3.wav */; };
		7923AA69202731FF0041260A /* note6.wav in Resources */ = {isa = PBXBuildFile; fileRef = 7923AA62202731FF0041260A /* note6.wav */; };
		7923AA6B202738DF0041260A /* PianoViewController.swift in Sources */ = {isa = PBXBuildFile; fileRef = 7923AA6A202738DF0041260A /* PianoViewController.swift */; };
		7923AA7A2027423E0041260A /* d1s.wav in Resources */ = {isa = PBXBuildFile; fileRef = 7923AA6D2027423D0041260A /* d1s.wav */; };
		7923AA7B2027423E0041260A /* e1.wav in Resources */ = {isa = PBXBuildFile; fileRef = 7923AA6E2027423D0041260A /* e1.wav */; };
		7923AA7C2027423E0041260A /* g1s.wav in Resources */ = {isa = PBXBuildFile; fileRef = 7923AA6F2027423D0041260A /* g1s.wav */; };
		7923AA7D2027423E0041260A /* a1.wav in Resources */ = {isa = PBXBuildFile; fileRef = 7923AA702027423D0041260A /* a1.wav */; };
		7923AA7E2027423E0041260A /* a1s.wav in Resources */ = {isa = PBXBuildFile; fileRef = 7923AA712027423E0041260A /* a1s.wav */; };
		7923AA7F2027423E0041260A /* c1s.wav in Resources */ = {isa = PBXBuildFile; fileRef = 7923AA722027423E0041260A /* c1s.wav */; };
		7923AA802027423E0041260A /* b1.wav in Resources */ = {isa = PBXBuildFile; fileRef = 7923AA732027423E0041260A /* b1.wav */; };
		7923AA812027423E0041260A /* c2.wav in Resources */ = {isa = PBXBuildFile; fileRef = 7923AA742027423E0041260A /* c2.wav */; };
		7923AA822027423E0041260A /* d1.wav in Resources */ = {isa = PBXBuildFile; fileRef = 7923AA752027423E0041260A /* d1.wav */; };
		7923AA832027423E0041260A /* f1.wav in Resources */ = {isa = PBXBuildFile; fileRef = 7923AA762027423E0041260A /* f1.wav */; };
		7923AA842027423E0041260A /* g1.wav in Resources */ = {isa = PBXBuildFile; fileRef = 7923AA772027423E0041260A /* g1.wav */; };
		7923AA852027423E0041260A /* c1.wav in Resources */ = {isa = PBXBuildFile; fileRef = 7923AA782027423E0041260A /* c1.wav */; };
		7923AA862027423E0041260A /* f1s.wav in Resources */ = {isa = PBXBuildFile; fileRef = 7923AA792027423E0041260A /* f1s.wav */; };
		7923AA8920274C170041260A /* triangle.wav in Resources */ = {isa = PBXBuildFile; fileRef = 7923AA8820274C170041260A /* triangle.wav */; };
		7923AA8B20274C220041260A /* TriangleViewController.swift in Sources */ = {isa = PBXBuildFile; fileRef = 7923AA8A20274C220041260A /* TriangleViewController.swift */; };
/* End PBXBuildFile section */

/* Begin PBXFileReference section */
		7923AA41202727ED0041260A /* Musician App.app */ = {isa = PBXFileReference; explicitFileType = wrapper.application; includeInIndex = 0; path = "Musician App.app"; sourceTree = BUILT_PRODUCTS_DIR; };
		7923AA44202727ED0041260A /* AppDelegate.swift */ = {isa = PBXFileReference; lastKnownFileType = sourcecode.swift; path = AppDelegate.swift; sourceTree = "<group>"; };
		7923AA46202727ED0041260A /* ViewController.swift */ = {isa = PBXFileReference; lastKnownFileType = sourcecode.swift; path = ViewController.swift; sourceTree = "<group>"; };
		7923AA49202727ED0041260A /* Base */ = {isa = PBXFileReference; lastKnownFileType = file.storyboard; name = Base; path = Base.lproj/Main.storyboard; sourceTree = "<group>"; };
		7923AA4B202727ED0041260A /* Assets.xcassets */ = {isa = PBXFileReference; lastKnownFileType = folder.assetcatalog; path = Assets.xcassets; sourceTree = "<group>"; };
		7923AA4E202727ED0041260A /* Base */ = {isa = PBXFileReference; lastKnownFileType = file.storyboard; name = Base; path = Base.lproj/LaunchScreen.storyboard; sourceTree = "<group>"; };
		7923AA50202727ED0041260A /* Info.plist */ = {isa = PBXFileReference; lastKnownFileType = text.plist.xml; path = Info.plist; sourceTree = "<group>"; };
		7923AA58202730E90041260A /* XylophoneViewController.swift */ = {isa = PBXFileReference; lastKnownFileType = sourcecode.swift; path = XylophoneViewController.swift; sourceTree = "<group>"; };
		7923AA5C202731FF0041260A /* note4.wav */ = {isa = PBXFileReference; lastKnownFileType = audio.wav; name = note4.wav; path = "Musician App/note4.wav"; sourceTree = SOURCE_ROOT; };
		7923AA5D202731FF0041260A /* note7.wav */ = {isa = PBXFileReference; lastKnownFileType = audio.wav; name = note7.wav; path = "Musician App/note7.wav"; sourceTree = SOURCE_ROOT; };
		7923AA5E202731FF0041260A /* note1.wav */ = {isa = PBXFileReference; lastKnownFileType = audio.wav; name = note1.wav; path = "Musician App/note1.wav"; sourceTree = SOURCE_ROOT; };
		7923AA5F202731FF0041260A /* note5.wav */ = {isa = PBXFileReference; lastKnownFileType = audio.wav; name = note5.wav; path = "Musician App/note5.wav"; sourceTree = SOURCE_ROOT; };
		7923AA60202731FF0041260A /* note2.wav */ = {isa = PBXFileReference; lastKnownFileType = audio.wav; name = note2.wav; path = "Musician App/note2.wav"; sourceTree = SOURCE_ROOT; };
		7923AA61202731FF0041260A /* note3.wav */ = {isa = PBXFileReference; lastKnownFileType = audio.wav; name = note3.wav; path = "Musician App/note3.wav"; sourceTree = SOURCE_ROOT; };
		7923AA62202731FF0041260A /* note6.wav */ = {isa = PBXFileReference; lastKnownFileType = audio.wav; name = note6.wav; path = "Musician App/note6.wav"; sourceTree = SOURCE_ROOT; };
		7923AA6A202738DF0041260A /* PianoViewController.swift */ = {isa = PBXFileReference; lastKnownFileType = sourcecode.swift; path = PianoViewController.swift; sourceTree = "<group>"; };
		7923AA6D2027423D0041260A /* d1s.wav */ = {isa = PBXFileReference; lastKnownFileType = audio.wav; path = d1s.wav; sourceTree = "<group>"; };
		7923AA6E2027423D0041260A /* e1.wav */ = {isa = PBXFileReference; lastKnownFileType = audio.wav; path = e1.wav; sourceTree = "<group>"; };
		7923AA6F2027423D0041260A /* g1s.wav */ = {isa = PBXFileReference; lastKnownFileType = audio.wav; path = g1s.wav; sourceTree = "<group>"; };
		7923AA702027423D0041260A /* a1.wav */ = {isa = PBXFileReference; lastKnownFileType = audio.wav; path = a1.wav; sourceTree = "<group>"; };
		7923AA712027423E0041260A /* a1s.wav */ = {isa = PBXFileReference; lastKnownFileType = audio.wav; path = a1s.wav; sourceTree = "<group>"; };
		7923AA722027423E0041260A /* c1s.wav */ = {isa = PBXFileReference; lastKnownFileType = audio.wav; path = c1s.wav; sourceTree = "<group>"; };
		7923AA732027423E0041260A /* b1.wav */ = {isa = PBXFileReference; lastKnownFileType = audio.wav; path = b1.wav; sourceTree = "<group>"; };
		7923AA742027423E0041260A /* c2.wav */ = {isa = PBXFileReference; lastKnownFileType = audio.wav; path = c2.wav; sourceTree = "<group>"; };
		7923AA752027423E0041260A /* d1.wav */ = {isa = PBXFileReference; lastKnownFileType = audio.wav; path = d1.wav; sourceTree = "<group>"; };
		7923AA762027423E0041260A /* f1.wav */ = {isa = PBXFileReference; lastKnownFileType = audio.wav; path = f1.wav; sourceTree = "<group>"; };
		7923AA772027423E0041260A /* g1.wav */ = {isa = PBXFileReference; lastKnownFileType = audio.wav; path = g1.wav; sourceTree = "<group>"; };
		7923AA782027423E0041260A /* c1.wav */ = {isa = PBXFileReference; lastKnownFileType = audio.wav; path = c1.wav; sourceTree = "<group>"; };
		7923AA792027423E0041260A /* f1s.wav */ = {isa = PBXFileReference; lastKnownFileType = audio.wav; path = f1s.wav; sourceTree = "<group>"; };
		7923AA8820274C170041260A /* triangle.wav */ = {isa = PBXFileReference; lastKnownFileType = audio.wav; path = triangle.wav; sourceTree = "<group>"; };
		7923AA8A20274C220041260A /* TriangleViewController.swift */ = {isa = PBXFileReference; lastKnownFileType = sourcecode.swift; path = TriangleViewController.swift; sourceTree = "<group>"; };
/* End PBXFileReference section */

/* Begin PBXFrameworksBuildPhase section */
		7923AA3E202727ED0041260A /* Frameworks */ = {
			isa = PBXFrameworksBuildPhase;
			buildActionMask = 2147483647;
			files = (
			);
			runOnlyForDeploymentPostprocessing = 0;
		};
/* End PBXFrameworksBuildPhase section */

/* Begin PBXGroup section */
		7923AA38202727ED0041260A = {
			isa = PBXGroup;
			children = (
				7923AA43202727ED0041260A /* Musician App */,
				7923AA42202727ED0041260A /* Products */,
			);
			sourceTree = "<group>";
		};
		7923AA42202727ED0041260A /* Products */ = {
			isa = PBXGroup;
			children = (
				7923AA41202727ED0041260A /* Musician App.app */,
			);
			name = Products;
			sourceTree = "<group>";
		};
		7923AA43202727ED0041260A /* Musician App */ = {
			isa = PBXGroup;
			children = (
				7923AA44202727ED0041260A /* AppDelegate.swift */,
				7923AA46202727ED0041260A /* ViewController.swift */,
				7923AA58202730E90041260A /* XylophoneViewController.swift */,
				7923AA8A20274C220041260A /* TriangleViewController.swift */,
				7923AA6A202738DF0041260A /* PianoViewController.swift */,
				7923AA48202727ED0041260A /* Main.storyboard */,
				7923AA4B202727ED0041260A /* Assets.xcassets */,
				7923AA4D202727ED0041260A /* LaunchScreen.storyboard */,
				7923AA50202727ED0041260A /* Info.plist */,
				7923AA8720274C090041260A /* Triangle Sound */,
				7923AA6C202742140041260A /* Piano Sounds */,
				7923AA5B202731890041260A /* Xylophone Sounds */,
			);
			path = "Musician App";
			sourceTree = "<group>";
		};
		7923AA5B202731890041260A /* Xylophone Sounds */ = {
			isa = PBXGroup;
			children = (
				7923AA5E202731FF0041260A /* note1.wav */,
				7923AA60202731FF0041260A /* note2.wav */,
				7923AA61202731FF0041260A /* note3.wav */,
				7923AA5C202731FF0041260A /* note4.wav */,
				7923AA5F202731FF0041260A /* note5.wav */,
				7923AA62202731FF0041260A /* note6.wav */,
				7923AA5D202731FF0041260A /* note7.wav */,
			);
			path = "Xylophone Sounds";
			sourceTree = "<group>";
		};
		7923AA6C202742140041260A /* Piano Sounds */ = {
			isa = PBXGroup;
			children = (
				7923AA702027423D0041260A /* a1.wav */,
				7923AA712027423E0041260A /* a1s.wav */,
				7923AA732027423E0041260A /* b1.wav */,
				7923AA782027423E0041260A /* c1.wav */,
				7923AA722027423E0041260A /* c1s.wav */,
				7923AA742027423E0041260A /* c2.wav */,
				7923AA752027423E0041260A /* d1.wav */,
				7923AA6D2027423D0041260A /* d1s.wav */,
				7923AA6E2027423D0041260A /* e1.wav */,
				7923AA762027423E0041260A /* f1.wav */,
				7923AA792027423E0041260A /* f1s.wav */,
				7923AA772027423E0041260A /* g1.wav */,
				7923AA6F2027423D0041260A /* g1s.wav */,
			);
			path = "Piano Sounds";
			sourceTree = "<group>";
		};
		7923AA8720274C090041260A /* Triangle Sound */ = {
			isa = PBXGroup;
			children = (
				7923AA8820274C170041260A /* triangle.wav */,
			);
			path = "Triangle Sound";
			sourceTree = "<group>";
		};
/* End PBXGroup section */

/* Begin PBXNativeTarget section */
		7923AA40202727ED0041260A /* Musician App */ = {
			isa = PBXNativeTarget;
			buildConfigurationList = 7923AA53202727ED0041260A /* Build configuration list for PBXNativeTarget "Musician App" */;
			buildPhases = (
				7923AA3D202727ED0041260A /* Sources */,
				7923AA3E202727ED0041260A /* Frameworks */,
				7923AA3F202727ED0041260A /* Resources */,
			);
			buildRules = (
			);
			dependencies = (
			);
			name = "Musician App";
			productName = "Musician App";
			productReference = 7923AA41202727ED0041260A /* Musician App.app */;
			productType = "com.apple.product-type.application";
		};
/* End PBXNativeTarget section */

/* Begin PBXProject section */
		7923AA39202727ED0041260A /* Project object */ = {
			isa = PBXProject;
			attributes = {
				LastSwiftUpdateCheck = 0920;
				LastUpgradeCheck = 0920;
				ORGANIZATIONNAME = "Neal Goyal";
				TargetAttributes = {
					7923AA40202727ED0041260A = {
						CreatedOnToolsVersion = 9.2;
						ProvisioningStyle = Automatic;
					};
				};
			};
			buildConfigurationList = 7923AA3C202727ED0041260A /* Build configuration list for PBXProject "Musician App" */;
			compatibilityVersion = "Xcode 8.0";
			developmentRegion = en;
			hasScannedForEncodings = 0;
			knownRegions = (
				en,
				Base,
			);
			mainGroup = 7923AA38202727ED0041260A;
			productRefGroup = 7923AA42202727ED0041260A /* Products */;
			projectDirPath = "";
			projectRoot = "";
			targets = (
				7923AA40202727ED0041260A /* Musician App */,
			);
		};
/* End PBXProject section */

/* Begin PBXResourcesBuildPhase section */
		7923AA3F202727ED0041260A /* Resources */ = {
			isa = PBXResourcesBuildPhase;
			buildActionMask = 2147483647;
			files = (
				7923AA7B2027423E0041260A /* e1.wav in Resources */,
				7923AA68202731FF0041260A /* note3.wav in Resources */,
				7923AA65202731FF0041260A /* note1.wav in Resources */,
				7923AA822027423E0041260A /* d1.wav in Resources */,
				7923AA812027423E0041260A /* c2.wav in Resources */,
				7923AA842027423E0041260A /* g1.wav in Resources */,
				7923AA832027423E0041260A /* f1.wav in Resources */,
				7923AA7E2027423E0041260A /* a1s.wav in Resources */,
				7923AA4F202727ED0041260A /* LaunchScreen.storyboard in Resources */,
				7923AA7D2027423E0041260A /* a1.wav in Resources */,
				7923AA69202731FF0041260A /* note6.wav in Resources */,
				7923AA64202731FF0041260A /* note7.wav in Resources */,
				7923AA7A2027423E0041260A /* d1s.wav in Resources */,
				7923AA4C202727ED0041260A /* Assets.xcassets in Resources */,
				7923AA8920274C170041260A /* triangle.wav in Resources */,
				7923AA7F2027423E0041260A /* c1s.wav in Resources */,
				7923AA4A202727ED0041260A /* Main.storyboard in Resources */,
				7923AA802027423E0041260A /* b1.wav in Resources */,
				7923AA7C2027423E0041260A /* g1s.wav in Resources */,
				7923AA862027423E0041260A /* f1s.wav in Resources */,
				7923AA852027423E0041260A /* c1.wav in Resources */,
				7923AA67202731FF0041260A /* note2.wav in Resources */,
				7923AA63202731FF0041260A /* note4.wav in Resources */,
				7923AA66202731FF0041260A /* note5.wav in Resources */,
			);
			runOnlyForDeploymentPostprocessing = 0;
		};
/* End PBXResourcesBuildPhase section */

/* Begin PBXSourcesBuildPhase section */
		7923AA3D202727ED0041260A /* Sources */ = {
			isa = PBXSourcesBuildPhase;
			buildActionMask = 2147483647;
			files = (
				7923AA59202730E90041260A /* XylophoneViewController.swift in Sources */,
				7923AA47202727ED0041260A /* ViewController.swift in Sources */,
				7923AA6B202738DF0041260A /* PianoViewController.swift in Sources */,
				7923AA8B20274C220041260A /* TriangleViewController.swift in Sources */,
				7923AA45202727ED0041260A /* AppDelegate.swift in Sources */,
			);
			runOnlyForDeploymentPostprocessing = 0;
		};
/* End PBXSourcesBuildPhase section */

/* Begin PBXVariantGroup section */
		7923AA48202727ED0041260A /* Main.storyboard */ = {
			isa = PBXVariantGroup;
			children = (
				7923AA49202727ED0041260A /* Base */,
			);
			name = Main.storyboard;
			sourceTree = "<group>";
		};
		7923AA4D202727ED0041260A /* LaunchScreen.storyboard */ = {
			isa = PBXVariantGroup;
			children = (
				7923AA4E202727ED0041260A /* Base */,
			);
			name = LaunchScreen.storyboard;
			sourceTree = "<group>";
		};
/* End PBXVariantGroup section */

/* Begin XCBuildConfiguration section */
		7923AA51202727ED0041260A /* Debug */ = {
			isa = XCBuildConfiguration;
			buildSettings = {
				ALWAYS_SEARCH_USER_PATHS = NO;
				CLANG_ANALYZER_NONNULL = YES;
				CLANG_ANALYZER_NUMBER_OBJECT_CONVERSION = YES_AGGRESSIVE;
				CLANG_CXX_LANGUAGE_STANDARD = "gnu++14";
				CLANG_CXX_LIBRARY = "libc++";
				CLANG_ENABLE_MODULES = YES;
				CLANG_ENABLE_OBJC_ARC = YES;
				CLANG_WARN_BLOCK_CAPTURE_AUTORELEASING = YES;
				CLANG_WARN_BOOL_CONVERSION = YES;
				CLANG_WARN_COMMA = YES;
				CLANG_WARN_CONSTANT_CONVERSION = YES;
				CLANG_WARN_DIRECT_OBJC_ISA_USAGE = YES_ERROR;
				CLANG_WARN_DOCUMENTATION_COMMENTS = YES;
				CLANG_WARN_EMPTY_BODY = YES;
				CLANG_WARN_ENUM_CONVERSION = YES;
				CLANG_WARN_INFINITE_RECURSION = YES;
				CLANG_WARN_INT_CONVERSION = YES;
				CLANG_WARN_NON_LITERAL_NULL_CONVERSION = YES;
				CLANG_WARN_OBJC_LITERAL_CONVERSION = YES;
				CLANG_WARN_OBJC_ROOT_CLASS = YES_ERROR;
				CLANG_WARN_RANGE_LOOP_ANALYSIS = YES;
				CLANG_WARN_STRICT_PROTOTYPES = YES;
				CLANG_WARN_SUSPICIOUS_MOVE = YES;
				CLANG_WARN_UNGUARDED_AVAILABILITY = YES_AGGRESSIVE;
				CLANG_WARN_UNREACHABLE_CODE = YES;
				CLANG_WARN__DUPLICATE_METHOD_MATCH = YES;
				CODE_SIGN_IDENTITY = "iPhone Developer";
				COPY_PHASE_STRIP = NO;
				DEBUG_INFORMATION_FORMAT = dwarf;
				ENABLE_STRICT_OBJC_MSGSEND = YES;
				ENABLE_TESTABILITY = YES;
				GCC_C_LANGUAGE_STANDARD = gnu11;
				GCC_DYNAMIC_NO_PIC = NO;
				GCC_NO_COMMON_BLOCKS = YES;
				GCC_OPTIMIZATION_LEVEL = 0;
				GCC_PREPROCESSOR_DEFINITIONS = (
					"DEBUG=1",
					"$(inherited)",
				);
				GCC_WARN_64_TO_32_BIT_CONVERSION = YES;
				GCC_WARN_ABOUT_RETURN_TYPE = YES_ERROR;
				GCC_WARN_UNDECLARED_SELECTOR = YES;
				GCC_WARN_UNINITIALIZED_AUTOS = YES_AGGRESSIVE;
				GCC_WARN_UNUSED_FUNCTION = YES;
				GCC_WARN_UNUSED_VARIABLE = YES;
				IPHONEOS_DEPLOYMENT_TARGET = 11.2;
				MTL_ENABLE_DEBUG_INFO = YES;
				ONLY_ACTIVE_ARCH = YES;
				SDKROOT = iphoneos;
				SWIFT_ACTIVE_COMPILATION_CONDITIONS = DEBUG;
				SWIFT_OPTIMIZATION_LEVEL = "-Onone";
			};
			name = Debug;
		};
		7923AA52202727ED0041260A /* Release */ = {
			isa = XCBuildConfiguration;
			buildSettings = {
				ALWAYS_SEARCH_USER_PATHS = NO;
				CLANG_ANALYZER_NONNULL = YES;
				CLANG_ANALYZER_NUMBER_OBJECT_CONVERSION = YES_AGGRESSIVE;
				CLANG_CXX_LANGUAGE_STANDARD = "gnu++14";
				CLANG_CXX_LIBRARY = "libc++";
				CLANG_ENABLE_MODULES = YES;
				CLANG_ENABLE_OBJC_ARC = YES;
				CLANG_WARN_BLOCK_CAPTURE_AUTORELEASING = YES;
				CLANG_WARN_BOOL_CONVERSION = YES;
				CLANG_WARN_COMMA = YES;
				CLANG_WARN_CONSTANT_CONVERSION = YES;
				CLANG_WARN_DIRECT_OBJC_ISA_USAGE = YES_ERROR;
				CLANG_WARN_DOCUMENTATION_COMMENTS = YES;
				CLANG_WARN_EMPTY_BODY = YES;
				CLANG_WARN_ENUM_CONVERSION = YES;
				CLANG_WARN_INFINITE_RECURSION = YES;
				CLANG_WARN_INT_CONVERSION = YES;
				CLANG_WARN_NON_LITERAL_NULL_CONVERSION = YES;
				CLANG_WARN_OBJC_LITERAL_CONVERSION = YES;
				CLANG_WARN_OBJC_ROOT_CLASS = YES_ERROR;
				CLANG_WARN_RANGE_LOOP_ANALYSIS = YES;
				CLANG_WARN_STRICT_PROTOTYPES = YES;
				CLANG_WARN_SUSPICIOUS_MOVE = YES;
				CLANG_WARN_UNGUARDED_AVAILABILITY = YES_AGGRESSIVE;
				CLANG_WARN_UNREACHABLE_CODE = YES;
				CLANG_WARN__DUPLICATE_METHOD_MATCH = YES;
				CODE_SIGN_IDENTITY = "iPhone Developer";
				COPY_PHASE_STRIP = NO;
				DEBUG_INFORMATION_FORMAT = "dwarf-with-dsym";
				ENABLE_NS_ASSERTIONS = NO;
				ENABLE_STRICT_OBJC_MSGSEND = YES;
				GCC_C_LANGUAGE_STANDARD = gnu11;
				GCC_NO_COMMON_BLOCKS = YES;
				GCC_WARN_64_TO_32_BIT_CONVERSION = YES;
				GCC_WARN_ABOUT_RETURN_TYPE = YES_ERROR;
				GCC_WARN_UNDECLARED_SELECTOR = YES;
				GCC_WARN_UNINITIALIZED_AUTOS = YES_AGGRESSIVE;
				GCC_WARN_UNUSED_FUNCTION = YES;
				GCC_WARN_UNUSED_VARIABLE = YES;
				IPHONEOS_DEPLOYMENT_TARGET = 11.2;
				MTL_ENABLE_DEBUG_INFO = NO;
				SDKROOT = iphoneos;
				SWIFT_OPTIMIZATION_LEVEL = "-Owholemodule";
				VALIDATE_PRODUCT = YES;
			};
			name = Release;
		};
		7923AA54202727ED0041260A /* Debug */ = {
			isa = XCBuildConfiguration;
			buildSettings = {
				ASSETCATALOG_COMPILER_APPICON_NAME = AppIcon;
				CODE_SIGN_STYLE = Automatic;
				INFOPLIST_FILE = "Musician App/Info.plist";
				LD_RUNPATH_SEARCH_PATHS = "$(inherited) @executable_path/Frameworks";
				PRODUCT_BUNDLE_IDENTIFIER = "net.nealgoyal.Musician-App";
				PRODUCT_NAME = "$(TARGET_NAME)";
				SWIFT_VERSION = 4.0;
				TARGETED_DEVICE_FAMILY = "1,2";
			};
			name = Debug;
		};
		7923AA55202727ED0041260A /* Release */ = {
			isa = XCBuildConfiguration;
			buildSettings = {
				ASSETCATALOG_COMPILER_APPICON_NAME = AppIcon;
				CODE_SIGN_STYLE = Automatic;
				INFOPLIST_FILE = "Musician App/Info.plist";
				LD_RUNPATH_SEARCH_PATHS = "$(inherited) @executable_path/Frameworks";
				PRODUCT_BUNDLE_IDENTIFIER = "net.nealgoyal.Musician-App";
				PRODUCT_NAME = "$(TARGET_NAME)";
				SWIFT_VERSION = 4.0;
				TARGETED_DEVICE_FAMILY = "1,2";
			};
			name = Release;
		};
/* End XCBuildConfiguration section */

/* Begin XCConfigurationList section */
		7923AA3C202727ED0041260A /* Build configuration list for PBXProject "Musician App" */ = {
			isa = XCConfigurationList;
			buildConfigurations = (
				7923AA51202727ED0041260A /* Debug */,
				7923AA52202727ED0041260A /* Release */,
			);
			defaultConfigurationIsVisible = 0;
			defaultConfigurationName = Release;
		};
		7923AA53202727ED0041260A /* Build configuration list for PBXNativeTarget "Musician App" */ = {
			isa = XCConfigurationList;
			buildConfigurations = (
				7923AA54202727ED0041260A /* Debug */,
				7923AA55202727ED0041260A /* Release */,
			);
			defaultConfigurationIsVisible = 0;
			defaultConfigurationName = Release;
		};
/* End XCConfigurationList section */
	};
	rootObject = 7923AA39202727ED0041260A /* Project object */;
}
